
Microsoft Visual Studio Solution File, Format Version 12.00
# Visual Studio Version 17
VisualStudioVersion = 17.7.34221.43
MinimumVisualStudioVersion = 10.0.40219.1
Project("{FAE04EC0-301F-11D3-BF4B-00C04F79EFBC}") = "Opdracht_Assesmblies", "Opdracht_Assesmblies\Opdracht_Assesmblies.csproj", "{9FA067ED-BCF2-4D7F-8BFB-50F85D844A43}"
EndProject
Global
	GlobalSection(SolutionConfigurationPlatforms) = preSolution
		Debug|Any CPU = Debug|Any CPU
		Release|Any CPU = Release|Any CPU
	EndGlobalSection
	GlobalSection(ProjectConfigurationPlatforms) = postSolution
		{9FA067ED-BCF2-4D7F-8BFB-50F85D844A43}.Debug|Any CPU.ActiveCfg = Debug|Any CPU
		{9FA067ED-BCF2-4D7F-8BFB-50F85D844A43}.Debug|Any CPU.Build.0 = Debug|Any CPU
		{9FA067ED-BCF2-4D7F-8BFB-50F85D844A43}.Release|Any CPU.ActiveCfg = Release|Any CPU
		{9FA067ED-BCF2-4D7F-8BFB-50F85D844A43}.Release|Any CPU.Build.0 = Release|Any CPU
	EndGlobalSection
	GlobalSection(SolutionProperties) = preSolution
		HideSolutionNode = FALSE
	EndGlobalSection
	GlobalSection(ExtensibilityGlobals) = postSolution
		SolutionGuid = {7AED5495-D0CF-4518-9476-B2DF79D7CBB1}
	EndGlobalSection
EndGlobal
