
Microsoft Visual Studio Solution File, Format Version 12.00
# Visual Studio Version 16
VisualStudioVersion = 16.0.29326.143
MinimumVisualStudioVersion = 10.0.40219.1
Project("{FAE04EC0-301F-11D3-BF4B-00C04F79EFBC}") = "InterfacesCatBird", "Interfaces\InterfacesCatBird.csproj", "{140FB9BA-F7C3-4359-AA6C-3C0C3ECDE641}"
EndProject
Project("{FAE04EC0-301F-11D3-BF4B-00C04F79EFBC}") = "ObserverAuction", "ObserverAuction\ObserverAuction.csproj", "{CDA9C5D7-5B53-4398-A0CF-D9940FFD069D}"
EndProject
Global
	GlobalSection(SolutionConfigurationPlatforms) = preSolution
		Debug|Any CPU = Debug|Any CPU
		Release|Any CPU = Release|Any CPU
	EndGlobalSection
	GlobalSection(ProjectConfigurationPlatforms) = postSolution
		{140FB9BA-F7C3-4359-AA6C-3C0C3ECDE641}.Debug|Any CPU.ActiveCfg = Debug|Any CPU
		{140FB9BA-F7C3-4359-AA6C-3C0C3ECDE641}.Debug|Any CPU.Build.0 = Debug|Any CPU
		{140FB9BA-F7C3-4359-AA6C-3C0C3ECDE641}.Release|Any CPU.ActiveCfg = Release|Any CPU
		{140FB9BA-F7C3-4359-AA6C-3C0C3ECDE641}.Release|Any CPU.Build.0 = Release|Any CPU
		{CDA9C5D7-5B53-4398-A0CF-D9940FFD069D}.Debug|Any CPU.ActiveCfg = Debug|Any CPU
		{CDA9C5D7-5B53-4398-A0CF-D9940FFD069D}.Debug|Any CPU.Build.0 = Debug|Any CPU
		{CDA9C5D7-5B53-4398-A0CF-D9940FFD069D}.Release|Any CPU.ActiveCfg = Release|Any CPU
		{CDA9C5D7-5B53-4398-A0CF-D9940FFD069D}.Release|Any CPU.Build.0 = Release|Any CPU
	EndGlobalSection
	GlobalSection(SolutionProperties) = preSolution
		HideSolutionNode = FALSE
	EndGlobalSection
	GlobalSection(ExtensibilityGlobals) = postSolution
		SolutionGuid = {26AFF715-C721-4EF0-ACCE-E7255355AC73}
	EndGlobalSection
EndGlobal
