
Microsoft Visual Studio Solution File, Format Version 12.00
# Visual Studio Version 17
VisualStudioVersion = 17.3.32901.215
MinimumVisualStudioVersion = 10.0.40219.1
Project("{FAE04EC0-301F-11D3-BF4B-00C04F79EFBC}") = "OEF_VARIABELEN", "OEF_OMO\OEF_VARIABELEN.csproj", "{5B11F4A3-0A33-490C-A670-DAF922F15750}"
EndProject
Project("{FAE04EC0-301F-11D3-BF4B-00C04F79EFBC}") = "OEF_BEWERKIGNEN", "OEF_BEWERKIGNEN\OEF_BEWERKIGNEN.csproj", "{4D300CC6-1409-4DE9-8816-F250CF9D868D}"
EndProject
Project("{FAE04EC0-301F-11D3-BF4B-00C04F79EFBC}") = "OEF_IF_CONDITIONS", "OEF_IF_CONDITIONS\OEF_IF_CONDITIONS.csproj", "{558C25AE-2D86-40BE-A7F8-9A95B58EFED7}"
EndProject
Project("{FAE04EC0-301F-11D3-BF4B-00C04F79EFBC}") = "TypeCasten", "TypeCasten\TypeCasten.csproj", "{CD8711BE-EB12-4619-B7B0-0F2107F4CE14}"
EndProject
Project("{FAE04EC0-301F-11D3-BF4B-00C04F79EFBC}") = "OEF_SWITCH", "OEF_SWITCH\OEF_SWITCH.csproj", "{98FE276C-F72A-4F9E-B269-CC335BB79F3E}"
EndProject
Project("{FAE04EC0-301F-11D3-BF4B-00C04F79EFBC}") = "OEF_LOOPS", "OEF_LOOPS\OEF_LOOPS.csproj", "{BD86F6B4-5991-4889-B1A9-55AB52C5EE86}"
EndProject
Project("{FAE04EC0-301F-11D3-BF4B-00C04F79EFBC}") = "EXAM_3_OPGAVE_1", "EXAM_3_OPGAVE_1\EXAM_3_OPGAVE_1.csproj", "{E8F32E31-3B92-40F9-A1E8-28D591B63731}"
EndProject
Project("{FAE04EC0-301F-11D3-BF4B-00C04F79EFBC}") = "EXAM_3_OPGAVE_2", "EXAM_3_OPGAVE_2\EXAM_3_OPGAVE_2.csproj", "{DA5D60B7-AD25-41DF-BEED-4026D65FDA6C}"
EndProject
Project("{FAE04EC0-301F-11D3-BF4B-00C04F79EFBC}") = "EXAM_3_OPGAVE_3", "EXAM_3_OPGAVE_3\EXAM_3_OPGAVE_3.csproj", "{5F619F75-622A-49A7-A355-28C66C4142FC}"
EndProject
Global
	GlobalSection(SolutionConfigurationPlatforms) = preSolution
		Debug|Any CPU = Debug|Any CPU
		Release|Any CPU = Release|Any CPU
	EndGlobalSection
	GlobalSection(ProjectConfigurationPlatforms) = postSolution
		{5B11F4A3-0A33-490C-A670-DAF922F15750}.Debug|Any CPU.ActiveCfg = Debug|Any CPU
		{5B11F4A3-0A33-490C-A670-DAF922F15750}.Debug|Any CPU.Build.0 = Debug|Any CPU
		{5B11F4A3-0A33-490C-A670-DAF922F15750}.Release|Any CPU.ActiveCfg = Release|Any CPU
		{5B11F4A3-0A33-490C-A670-DAF922F15750}.Release|Any CPU.Build.0 = Release|Any CPU
		{4D300CC6-1409-4DE9-8816-F250CF9D868D}.Debug|Any CPU.ActiveCfg = Debug|Any CPU
		{4D300CC6-1409-4DE9-8816-F250CF9D868D}.Debug|Any CPU.Build.0 = Debug|Any CPU
		{4D300CC6-1409-4DE9-8816-F250CF9D868D}.Release|Any CPU.ActiveCfg = Release|Any CPU
		{4D300CC6-1409-4DE9-8816-F250CF9D868D}.Release|Any CPU.Build.0 = Release|Any CPU
		{558C25AE-2D86-40BE-A7F8-9A95B58EFED7}.Debug|Any CPU.ActiveCfg = Debug|Any CPU
		{558C25AE-2D86-40BE-A7F8-9A95B58EFED7}.Debug|Any CPU.Build.0 = Debug|Any CPU
		{558C25AE-2D86-40BE-A7F8-9A95B58EFED7}.Release|Any CPU.ActiveCfg = Release|Any CPU
		{558C25AE-2D86-40BE-A7F8-9A95B58EFED7}.Release|Any CPU.Build.0 = Release|Any CPU
		{CD8711BE-EB12-4619-B7B0-0F2107F4CE14}.Debug|Any CPU.ActiveCfg = Debug|Any CPU
		{CD8711BE-EB12-4619-B7B0-0F2107F4CE14}.Debug|Any CPU.Build.0 = Debug|Any CPU
		{CD8711BE-EB12-4619-B7B0-0F2107F4CE14}.Release|Any CPU.ActiveCfg = Release|Any CPU
		{CD8711BE-EB12-4619-B7B0-0F2107F4CE14}.Release|Any CPU.Build.0 = Release|Any CPU
		{98FE276C-F72A-4F9E-B269-CC335BB79F3E}.Debug|Any CPU.ActiveCfg = Debug|Any CPU
		{98FE276C-F72A-4F9E-B269-CC335BB79F3E}.Debug|Any CPU.Build.0 = Debug|Any CPU
		{98FE276C-F72A-4F9E-B269-CC335BB79F3E}.Release|Any CPU.ActiveCfg = Release|Any CPU
		{98FE276C-F72A-4F9E-B269-CC335BB79F3E}.Release|Any CPU.Build.0 = Release|Any CPU
		{BD86F6B4-5991-4889-B1A9-55AB52C5EE86}.Debug|Any CPU.ActiveCfg = Debug|Any CPU
		{BD86F6B4-5991-4889-B1A9-55AB52C5EE86}.Debug|Any CPU.Build.0 = Debug|Any CPU
		{BD86F6B4-5991-4889-B1A9-55AB52C5EE86}.Release|Any CPU.ActiveCfg = Release|Any CPU
		{BD86F6B4-5991-4889-B1A9-55AB52C5EE86}.Release|Any CPU.Build.0 = Release|Any CPU
		{E8F32E31-3B92-40F9-A1E8-28D591B63731}.Debug|Any CPU.ActiveCfg = Debug|Any CPU
		{E8F32E31-3B92-40F9-A1E8-28D591B63731}.Debug|Any CPU.Build.0 = Debug|Any CPU
		{E8F32E31-3B92-40F9-A1E8-28D591B63731}.Release|Any CPU.ActiveCfg = Release|Any CPU
		{E8F32E31-3B92-40F9-A1E8-28D591B63731}.Release|Any CPU.Build.0 = Release|Any CPU
		{DA5D60B7-AD25-41DF-BEED-4026D65FDA6C}.Debug|Any CPU.ActiveCfg = Debug|Any CPU
		{DA5D60B7-AD25-41DF-BEED-4026D65FDA6C}.Debug|Any CPU.Build.0 = Debug|Any CPU
		{DA5D60B7-AD25-41DF-BEED-4026D65FDA6C}.Release|Any CPU.ActiveCfg = Release|Any CPU
		{DA5D60B7-AD25-41DF-BEED-4026D65FDA6C}.Release|Any CPU.Build.0 = Release|Any CPU
		{5F619F75-622A-49A7-A355-28C66C4142FC}.Debug|Any CPU.ActiveCfg = Debug|Any CPU
		{5F619F75-622A-49A7-A355-28C66C4142FC}.Debug|Any CPU.Build.0 = Debug|Any CPU
		{5F619F75-622A-49A7-A355-28C66C4142FC}.Release|Any CPU.ActiveCfg = Release|Any CPU
		{5F619F75-622A-49A7-A355-28C66C4142FC}.Release|Any CPU.Build.0 = Release|Any CPU
	EndGlobalSection
	GlobalSection(SolutionProperties) = preSolution
		HideSolutionNode = FALSE
	EndGlobalSection
	GlobalSection(ExtensibilityGlobals) = postSolution
		SolutionGuid = {CA5BC801-7316-43CB-9D49-75715E30A3E6}
	EndGlobalSection
EndGlobal
